
Microsoft Visual Studio Solution File, Format Version 12.00
# Visual Studio Version 17
VisualStudioVersion = 17.9.34902.65
MinimumVisualStudioVersion = 10.0.40219.1
Project("{FAE04EC0-301F-11D3-BF4B-00C04F79EFBC}") = "PracticaCompleta", "PracticaCompleta\PracticaCompleta.csproj", "{539B0DF9-C4A3-41B3-A9BC-953A0CA12D7F}"
EndProject
Global
	GlobalSection(SolutionConfigurationPlatforms) = preSolution
		Debug|Any CPU = Debug|Any CPU
		Release|Any CPU = Release|Any CPU
	EndGlobalSection
	GlobalSection(ProjectConfigurationPlatforms) = postSolution
		{539B0DF9-C4A3-41B3-A9BC-953A0CA12D7F}.Debug|Any CPU.ActiveCfg = Debug|Any CPU
		{539B0DF9-C4A3-41B3-A9BC-953A0CA12D7F}.Debug|Any CPU.Build.0 = Debug|Any CPU
		{539B0DF9-C4A3-41B3-A9BC-953A0CA12D7F}.Release|Any CPU.ActiveCfg = Release|Any CPU
		{539B0DF9-C4A3-41B3-A9BC-953A0CA12D7F}.Release|Any CPU.Build.0 = Release|Any CPU
	EndGlobalSection
	GlobalSection(SolutionProperties) = preSolution
		HideSolutionNode = FALSE
	EndGlobalSection
	GlobalSection(ExtensibilityGlobals) = postSolution
		SolutionGuid = {980B2B92-335E-48BF-AA08-BEEFD1AB7102}
	EndGlobalSection
EndGlobal
